
Microsoft Visual Studio Solution File, Format Version 12.00
# Visual Studio 15
VisualStudioVersion = 15.0.26403.7
MinimumVisualStudioVersion = 10.0.40219.1
Project("{FAE04EC0-301F-11D3-BF4B-00C04F79EFBC}") = "OwnersProject", "OwnersProject\OwnersProject.csproj", "{61407C76-6CBB-4442-B0B1-367B3B9C7758}"
EndProject
Project("{FAE04EC0-301F-11D3-BF4B-00C04F79EFBC}") = "OwnersProject.Tests", "OwnersProject.Tests\OwnersProject.Tests.csproj", "{7F150921-919F-46B1-B7C6-6E2B083173CA}"
EndProject
Global
	GlobalSection(SolutionConfigurationPlatforms) = preSolution
		Debug|Any CPU = Debug|Any CPU
		Release|Any CPU = Release|Any CPU
	EndGlobalSection
	GlobalSection(ProjectConfigurationPlatforms) = postSolution
		{61407C76-6CBB-4442-B0B1-367B3B9C7758}.Debug|Any CPU.ActiveCfg = Debug|Any CPU
		{61407C76-6CBB-4442-B0B1-367B3B9C7758}.Debug|Any CPU.Build.0 = Debug|Any CPU
		{61407C76-6CBB-4442-B0B1-367B3B9C7758}.Release|Any CPU.ActiveCfg = Release|Any CPU
		{61407C76-6CBB-4442-B0B1-367B3B9C7758}.Release|Any CPU.Build.0 = Release|Any CPU
		{7F150921-919F-46B1-B7C6-6E2B083173CA}.Debug|Any CPU.ActiveCfg = Debug|Any CPU
		{7F150921-919F-46B1-B7C6-6E2B083173CA}.Debug|Any CPU.Build.0 = Debug|Any CPU
		{7F150921-919F-46B1-B7C6-6E2B083173CA}.Release|Any CPU.ActiveCfg = Release|Any CPU
		{7F150921-919F-46B1-B7C6-6E2B083173CA}.Release|Any CPU.Build.0 = Release|Any CPU
	EndGlobalSection
	GlobalSection(SolutionProperties) = preSolution
		HideSolutionNode = FALSE
	EndGlobalSection
EndGlobal
